github.com/AmruthPillai/Reactive-Resume v3.8.4+incompatible h1:0tgC1eZx5pRXRiiNKi7uioFWe/T/Q0hqDsBIPxPX3cM=
github.com/AmruthPillai/Reactive-Resume v3.8.4+incompatible/go.mod h1:n0RtV1cqeKBQ8aIwIQn78uVDfCmy5eQXNl8gi2DkVhA=
github.com/FOSSBilling/FOSSBilling v0.0.0-20230808123809-b665e7017b7f h1:DGGlwSO9wB4ZxMdrYjN54T80/LgY/zpxF6ck6zINnQs=
github.com/FOSSBilling/FOSSBilling v0.0.0-20230808123809-b665e7017b7f/go.mod h1:vuNPLD8xeGb+fNP+izQVs8nmlQ3H1nrEZMgVUxmk9E4=
github.com/axios/axios v1.4.0 h1:5qWQwfyxWKQPeNYd9qy9XhUqhmPM2Ou29xMF057ZzSQ=
github.com/axios/axios v1.4.0/go.mod h1:dDPGUq/Y27WZ3a8E208iv2+8BpV7XoUcCW3Do59nJdI=
github.com/bminor/bash v0.0.0-20221213174350-ec8113b98613 h1:zyRmksskNsz8qIf0kZQlXTpJ3UZTvQz5dE+5Y1cpzzo=
github.com/bminor/bash v0.0.0-20221213174350-ec8113b98613/go.mod h1:GO8kvOad8B/kTEQbcWXVIpe1Vrb7dsudZ+ZCxMgqP84=
github.com/discourse/discourse_docker v0.0.0-20230726111810-313f86feffe9 h1:jliTBAV2dFHpO0TFepL82R+xacau+8qjQZ57OgyLr58=
github.com/discourse/discourse_docker v0.0.0-20230726111810-313f86feffe9/go.mod h1:DXfoKkvaCtagG1QgxWz7A21K5DTBEnF2gybVuNchf9M=
github.com/hestiacp/hestiacp v0.0.0-20230808115806-f68f5271499d h1:5aDQhP0ARTAtJOAcPmfLCN9XkJopoyElx0Kh6qlbsmQ=
github.com/hestiacp/hestiacp v0.0.0-20230808115806-f68f5271499d/go.mod h1:pico+FtE/zPP1PixvU9yjOHRitcTi0RSwArrJIVX8AY=
github.com/oven-sh/bun v0.1.1 h1:cApIba5cu0Omsyp1uIfAjM/6TINZ0WnoV/huAb/rqz0=
github.com/oven-sh/bun v0.1.1/go.mod h1:VXiZpcAUiCh03eWoZq9+2P2DLpuAKOZ42365q4dhYM8=
github.com/shlinkio/shlink v3.6.3+incompatible h1:gtwT6G0LFprAbWYsMxJDmh08v67KEr6qtZFMoVpJLNM=
github.com/shlinkio/shlink v3.6.3+incompatible/go.mod h1:8RBE0C6q3wbyFIQouOzCRTEW+/rJXR+zkdLz+nQn61E=
github.com/sindresorhus/awesome v0.0.0-20230727140405-7a3c09580eaa/go.mod h1:xA2/raUBfDu/3M2S+ULIE6c4RJop3xcZAt3xROYNusA=
github.com/vim/vim v9.0.1678+incompatible h1:O1IdFNnJFyoXcHeZZBntbLirT1QOjEOMiqDq8VlK+4U=
github.com/vim/vim v9.0.1678+incompatible/go.mod h1:FDLhGh89+KGIW66poT+Y+tOu+5EtOGlfWEYnVziIeFg=
