github.com/AmruthPillai/Reactive-Resume v3.8.4+incompatible h1:0tgC1eZx5pRXRiiNKi7uioFWe/T/Q0hqDsBIPxPX3cM=
github.com/AmruthPillai/Reactive-Resume v3.8.4+incompatible/go.mod h1:n0RtV1cqeKBQ8aIwIQn78uVDfCmy5eQXNl8gi2DkVhA=
github.com/Atoptool/atop v2.9.0+incompatible h1:GZjJTDuj6wB02AMKHlaCFczjp9lElIhUL/JEuNbMzzw=
github.com/Atoptool/atop v2.9.0+incompatible/go.mod h1:KKcSLIbcd24NJ1VES9r5Hc+hRvmMcNHC+V/17xfQ7qI=
github.com/FOSSBilling/FOSSBilling v0.0.0-20230808123809-b665e7017b7f h1:DGGlwSO9wB4ZxMdrYjN54T80/LgY/zpxF6ck6zINnQs=
github.com/FOSSBilling/FOSSBilling v0.0.0-20230808123809-b665e7017b7f/go.mod h1:vuNPLD8xeGb+fNP+izQVs8nmlQ3H1nrEZMgVUxmk9E4=
github.com/abishekvashok/cmatrix v0.0.0-20230301134442-ac78ef9b7894 h1:b//hirCncklfRRW3Tcp0I+2zLTaKJ04hey0zNOo+E9M=
github.com/abishekvashok/cmatrix v0.0.0-20230301134442-ac78ef9b7894/go.mod h1:0kYwyR3KIEyW5YSLkK/OddaNqaeBULSXz8PGczDCPGA=
github.com/alacritty/alacritty v9.4.4+incompatible h1:LJvoe7gBPF0g+lRu3Xf4J/kR3HgMCtRhCUEvkKyiROg=
github.com/alacritty/alacritty v9.4.4+incompatible/go.mod h1:TksKNqvr9RAKllNJlOP8wPPFGiW6RR9DCIEoJvDEedI=
github.com/aristocratos/bashtop v0.9.25 h1:EJIzrBjpJjHOB+Y6FuqrE4Fy8xhKzt/HWPMZRDOHfis=
github.com/aristocratos/bashtop v0.9.25/go.mod h1:7Kp3+yjBJ7OpKNerSZHv1amXFRNJIL4k9/04l7DWjqg=
github.com/aristocratos/btop v1.2.13 h1:qA/CDufb+6fKrkYdh4VZ7nNSDr0ooSd2sX02ca7pBNg=
github.com/aristocratos/btop v1.2.13/go.mod h1:PyhlA5TaYQuVAwZBSOk0LQAewqqlDhzN5Nd6rectuIE=
github.com/axios/axios v1.4.0 h1:5qWQwfyxWKQPeNYd9qy9XhUqhmPM2Ou29xMF057ZzSQ=
github.com/axios/axios v1.4.0/go.mod h1:dDPGUq/Y27WZ3a8E208iv2+8BpV7XoUcCW3Do59nJdI=
github.com/bminor/bash v0.0.0-20221213174350-ec8113b98613 h1:zyRmksskNsz8qIf0kZQlXTpJ3UZTvQz5dE+5Y1cpzzo=
github.com/bminor/bash v0.0.0-20221213174350-ec8113b98613/go.mod h1:GO8kvOad8B/kTEQbcWXVIpe1Vrb7dsudZ+ZCxMgqP84=
github.com/davatorium/rofi v0.0.0-20230824174629-51a8df9da5d8 h1:8ytHSjiDVeosJzaCFQw8uRMCe1aL4+FJ+VxNjdmixnA=
github.com/davatorium/rofi v0.0.0-20230824174629-51a8df9da5d8/go.mod h1:KCDOlnX8obDE1JjWI5Q+GsvwOEzk6hoTx8IRup1vuKY=
github.com/derf/feh v0.0.0-20230730084459-775135336008 h1:+n+ux8gvxP/A4E9BWnSBy/vugIopMpug+5gLeU1d45Y=
github.com/derf/feh v0.0.0-20230730084459-775135336008/go.mod h1:5OYmOXTn3MxYoVsjrRKtUlUoS+V1v1ZgLXSJLXcyQb4=
github.com/discourse/discourse_docker v0.0.0-20230726111810-313f86feffe9 h1:jliTBAV2dFHpO0TFepL82R+xacau+8qjQZ57OgyLr58=
github.com/discourse/discourse_docker v0.0.0-20230726111810-313f86feffe9/go.mod h1:DXfoKkvaCtagG1QgxWz7A21K5DTBEnF2gybVuNchf9M=
github.com/hestiacp/hestiacp v0.0.0-20230808115806-f68f5271499d h1:5aDQhP0ARTAtJOAcPmfLCN9XkJopoyElx0Kh6qlbsmQ=
github.com/hestiacp/hestiacp v0.0.0-20230808115806-f68f5271499d/go.mod h1:pico+FtE/zPP1PixvU9yjOHRitcTi0RSwArrJIVX8AY=
github.com/l3ib/nitrogen v0.0.0-20210331162135-5fe0018ddc6a h1:Zd8MS8VgLqLbx9y5Al3Sj2pZYzgF0Wpzr1napsFqwT4=
github.com/l3ib/nitrogen v0.0.0-20210331162135-5fe0018ddc6a/go.mod h1:yD9yd9HL5tMWQwn0IIDwAp/BMxvbGwqWpSpWyPWCxgI=
github.com/oven-sh/bun v0.1.1 h1:cApIba5cu0Omsyp1uIfAjM/6TINZ0WnoV/huAb/rqz0=
github.com/oven-sh/bun v0.1.1/go.mod h1:VXiZpcAUiCh03eWoZq9+2P2DLpuAKOZ42365q4dhYM8=
github.com/pipeseroni/pipes.sh v1.3.0 h1:6LNh5fPJQ9LgsNhEw+HrL1WtLgTgmBlQDT3PWTMUIEI=
github.com/pipeseroni/pipes.sh v1.3.0/go.mod h1:+9oOXuN5irHWGlV6J+gjv9S5WtJo14CyEY811pAu+9s=
github.com/shlinkio/shlink v3.6.3+incompatible h1:gtwT6G0LFprAbWYsMxJDmh08v67KEr6qtZFMoVpJLNM=
github.com/shlinkio/shlink v3.6.3+incompatible/go.mod h1:8RBE0C6q3wbyFIQouOzCRTEW+/rJXR+zkdLz+nQn61E=
github.com/sindresorhus/awesome v0.0.0-20230727140405-7a3c09580eaa/go.mod h1:xA2/raUBfDu/3M2S+ULIE6c4RJop3xcZAt3xROYNusA=
github.com/vim/vim v9.0.1678+incompatible h1:O1IdFNnJFyoXcHeZZBntbLirT1QOjEOMiqDq8VlK+4U=
github.com/vim/vim v9.0.1678+incompatible/go.mod h1:FDLhGh89+KGIW66poT+Y+tOu+5EtOGlfWEYnVziIeFg=
github.com/xorg62/tty-clock v0.0.0-20211121151431-f2f847cf2cc2 h1:leOFq+6H72638UhtrqYa2uSpwuOUdrUmrmxfc7zt58A=
github.com/xorg62/tty-clock v0.0.0-20211121151431-f2f847cf2cc2/go.mod h1:nxoHBpH6hrde036R/aEATDAzDXzyFjnMJHYvTIxdJAQ=
github.com/yshui/picom v0.0.0-20230810224743-8cc5090a6c3b h1:6SO3rZzE3o6Q7QnqzviS2wOPC+0sD9eW8EwxWQubKlw=
github.com/yshui/picom v0.0.0-20230810224743-8cc5090a6c3b/go.mod h1:mCJXVlgxOzLCMdwGLoFmfcxKyCNx9otCWqQXSgpUH/s=
