github.com/bminor/bash v0.0.0-20221213174350-ec8113b98613 h1:zyRmksskNsz8qIf0kZQlXTpJ3UZTvQz5dE+5Y1cpzzo=
github.com/bminor/bash v0.0.0-20221213174350-ec8113b98613/go.mod h1:GO8kvOad8B/kTEQbcWXVIpe1Vrb7dsudZ+ZCxMgqP84=
github.com/vim/vim v9.0.1678+incompatible h1:O1IdFNnJFyoXcHeZZBntbLirT1QOjEOMiqDq8VlK+4U=
github.com/vim/vim v9.0.1678+incompatible/go.mod h1:FDLhGh89+KGIW66poT+Y+tOu+5EtOGlfWEYnVziIeFg=
